
Microsoft Visual Studio Solution File, Format Version 12.00
# Visual Studio Version 17
VisualStudioVersion = 17.7.34221.43
MinimumVisualStudioVersion = 10.0.40219.1
Project("{FAE04EC0-301F-11D3-BF4B-00C04F79EFBC}") = "GA_Recursion_MeiliZheng", "GA_Recursion_MeiliZheng.csproj", "{27D03370-4BBB-4380-B36A-7EB68D83CEA5}"
EndProject
Global
	GlobalSection(SolutionConfigurationPlatforms) = preSolution
		Debug|Any CPU = Debug|Any CPU
		Release|Any CPU = Release|Any CPU
	EndGlobalSection
	GlobalSection(ProjectConfigurationPlatforms) = postSolution
		{27D03370-4BBB-4380-B36A-7EB68D83CEA5}.Debug|Any CPU.ActiveCfg = Debug|Any CPU
		{27D03370-4BBB-4380-B36A-7EB68D83CEA5}.Debug|Any CPU.Build.0 = Debug|Any CPU
		{27D03370-4BBB-4380-B36A-7EB68D83CEA5}.Release|Any CPU.ActiveCfg = Release|Any CPU
		{27D03370-4BBB-4380-B36A-7EB68D83CEA5}.Release|Any CPU.Build.0 = Release|Any CPU
	EndGlobalSection
	GlobalSection(SolutionProperties) = preSolution
		HideSolutionNode = FALSE
	EndGlobalSection
	GlobalSection(ExtensibilityGlobals) = postSolution
		SolutionGuid = {C244E341-1DA8-4004-98DC-1C488915E0B1}
	EndGlobalSection
EndGlobal
